
Microsoft Visual Studio Solution File, Format Version 12.00
# Visual Studio Version 16
VisualStudioVersion = 16.0.31019.35
MinimumVisualStudioVersion = 10.0.40219.1
Project("{9A19103F-16F7-4668-BE54-9A1E7A4F7556}") = "WebAPI", "WebAPI.csproj", "{AE8DA7FF-AB3B-45D7-A3CF-E0B0A0602138}"
EndProject
Global
	GlobalSection(SolutionConfigurationPlatforms) = preSolution
		Debug|Any CPU = Debug|Any CPU
		Release|Any CPU = Release|Any CPU
	EndGlobalSection
	GlobalSection(ProjectConfigurationPlatforms) = postSolution
		{AE8DA7FF-AB3B-45D7-A3CF-E0B0A0602138}.Debug|Any CPU.ActiveCfg = Debug|Any CPU
		{AE8DA7FF-AB3B-45D7-A3CF-E0B0A0602138}.Debug|Any CPU.Build.0 = Debug|Any CPU
		{AE8DA7FF-AB3B-45D7-A3CF-E0B0A0602138}.Release|Any CPU.ActiveCfg = Release|Any CPU
		{AE8DA7FF-AB3B-45D7-A3CF-E0B0A0602138}.Release|Any CPU.Build.0 = Release|Any CPU
	EndGlobalSection
	GlobalSection(SolutionProperties) = preSolution
		HideSolutionNode = FALSE
	EndGlobalSection
	GlobalSection(ExtensibilityGlobals) = postSolution
		SolutionGuid = {90B36EF8-A6A0-4EAF-AA41-E179BCD5A32F}
	EndGlobalSection
EndGlobal
